// !$*UTF8*$!
{
	archiveVersion = 1;
	classes = {
	};
	objectVersion = 77;
	objects = {

/* Begin PBXBuildFile section */
		504A5DBD2E2A393D00BB9FAE /* SourceHanSerifTC-VF.otf in Resources */ = {isa = PBXBuildFile; fileRef = 504A5DBC2E2A393D00BB9FAE /* SourceHanSerifTC-VF.otf */; };
/* End PBXBuildFile section */

/* Begin PBXContainerItemProxy section */
		507B28F22E25561C005DAD5B /* PBXContainerItemProxy */ = {
			isa = PBXContainerItemProxy;
			containerPortal = 507B28DC2E25561A005DAD5B /* Project object */;
			proxyType = 1;
			remoteGlobalIDString = 507B28E32E25561A005DAD5B;
			remoteInfo = "ai translation";
		};
		507B28FC2E25561C005DAD5B /* PBXContainerItemProxy */ = {
			isa = PBXContainerItemProxy;
			containerPortal = 507B28DC2E25561A005DAD5B /* Project object */;
			proxyType = 1;
			remoteGlobalIDString = 507B28E32E25561A005DAD5B;
			remoteInfo = "ai translation";
		};
/* End PBXContainerItemProxy section */

/* Begin PBXFileReference section */
		504A5DBC2E2A393D00BB9FAE /* SourceHanSerifTC-VF.otf */ = {isa = PBXFileReference; lastKnownFileType = file; path = "SourceHanSerifTC-VF.otf"; sourceTree = "<group>"; };
		507B28E42E25561A005DAD5B /* ai translation.app */ = {isa = PBXFileReference; explicitFileType = wrapper.application; includeInIndex = 0; path = "ai translation.app"; sourceTree = BUILT_PRODUCTS_DIR; };
		507B28F12E25561C005DAD5B /* ai translationTests.xctest */ = {isa = PBXFileReference; explicitFileType = wrapper.cfbundle; includeInIndex = 0; path = "ai translationTests.xctest"; sourceTree = BUILT_PRODUCTS_DIR; };
		507B28FB2E25561C005DAD5B /* ai translationUITests.xctest */ = {isa = PBXFileReference; explicitFileType = wrapper.cfbundle; includeInIndex = 0; path = "ai translationUITests.xctest"; sourceTree = BUILT_PRODUCTS_DIR; };
/* End PBXFileReference section */

/* Begin PBXFileSystemSynchronizedRootGroup section */
		507B28E62E25561A005DAD5B /* ai translation */ = {
			isa = PBXFileSystemSynchronizedRootGroup;
			path = "ai translation";
			sourceTree = "<group>";
		};
		507B28F42E25561C005DAD5B /* ai translationTests */ = {
			isa = PBXFileSystemSynchronizedRootGroup;
			path = "ai translationTests";
			sourceTree = "<group>";
		};
		507B28FE2E25561C005DAD5B /* ai translationUITests */ = {
			isa = PBXFileSystemSynchronizedRootGroup;
			path = "ai translationUITests";
			sourceTree = "<group>";
		};
/* End PBXFileSystemSynchronizedRootGroup section */

/* Begin PBXFrameworksBuildPhase section */
		507B28E12E25561A005DAD5B /* Frameworks */ = {
			isa = PBXFrameworksBuildPhase;
			buildActionMask = 2147483647;
			files = (
			);
			runOnlyForDeploymentPostprocessing = 0;
		};
		507B28EE2E25561C005DAD5B /* Frameworks */ = {
			isa = PBXFrameworksBuildPhase;
			buildActionMask = 2147483647;
			files = (
			);
			runOnlyForDeploymentPostprocessing = 0;
		};
		507B28F82E25561C005DAD5B /* Frameworks */ = {
			isa = PBXFrameworksBuildPhase;
			buildActionMask = 2147483647;
			files = (
			);
			runOnlyForDeploymentPostprocessing = 0;
		};
/* End PBXFrameworksBuildPhase section */

/* Begin PBXGroup section */
		507B28DB2E25561A005DAD5B = {
			isa = PBXGroup;
			children = (
				507B28E62E25561A005DAD5B /* ai translation */,
				507B28F42E25561C005DAD5B /* ai translationTests */,
				507B28FE2E25561C005DAD5B /* ai translationUITests */,
				507B28E52E25561A005DAD5B /* Products */,
				504A5DBC2E2A393D00BB9FAE /* SourceHanSerifTC-VF.otf */,
			);
			sourceTree = "<group>";
		};
		507B28E52E25561A005DAD5B /* Products */ = {
			isa = PBXGroup;
			children = (
				507B28E42E25561A005DAD5B /* ai translation.app */,
				507B28F12E25561C005DAD5B /* ai translationTests.xctest */,
				507B28FB2E25561C005DAD5B /* ai translationUITests.xctest */,
			);
			name = Products;
			sourceTree = "<group>";
		};
/* End PBXGroup section */

/* Begin PBXNativeTarget section */
		507B28E32E25561A005DAD5B /* ai translation */ = {
			isa = PBXNativeTarget;
			buildConfigurationList = 507B29052E25561C005DAD5B /* Build configuration list for PBXNativeTarget "ai translation" */;
			buildPhases = (
				507B28E02E25561A005DAD5B /* Sources */,
				507B28E12E25561A005DAD5B /* Frameworks */,
				507B28E22E25561A005DAD5B /* Resources */,
			);
			buildRules = (
			);
			dependencies = (
			);
			fileSystemSynchronizedGroups = (
				507B28E62E25561A005DAD5B /* ai translation */,
			);
			name = "ai translation";
			packageProductDependencies = (
			);
			productName = "ai translation";
			productReference = 507B28E42E25561A005DAD5B /* ai translation.app */;
			productType = "com.apple.product-type.application";
		};
		507B28F02E25561C005DAD5B /* ai translationTests */ = {
			isa = PBXNativeTarget;
			buildConfigurationList = 507B29082E25561C005DAD5B /* Build configuration list for PBXNativeTarget "ai translationTests" */;
			buildPhases = (
				507B28ED2E25561C005DAD5B /* Sources */,
				507B28EE2E25561C005DAD5B /* Frameworks */,
				507B28EF2E25561C005DAD5B /* Resources */,
			);
			buildRules = (
			);
			dependencies = (
				507B28F32E25561C005DAD5B /* PBXTargetDependency */,
			);
			fileSystemSynchronizedGroups = (
				507B28F42E25561C005DAD5B /* ai translationTests */,
			);
			name = "ai translationTests";
			packageProductDependencies = (
			);
			productName = "ai translationTests";
			productReference = 507B28F12E25561C005DAD5B /* ai translationTests.xctest */;
			productType = "com.apple.product-type.bundle.unit-test";
		};
		507B28FA2E25561C005DAD5B /* ai translationUITests */ = {
			isa = PBXNativeTarget;
			buildConfigurationList = 507B290B2E25561C005DAD5B /* Build configuration list for PBXNativeTarget "ai translationUITests" */;
			buildPhases = (
				507B28F72E25561C005DAD5B /* Sources */,
				507B28F82E25561C005DAD5B /* Frameworks */,
				507B28F92E25561C005DAD5B /* Resources */,
			);
			buildRules = (
			);
			dependencies = (
				507B28FD2E25561C005DAD5B /* PBXTargetDependency */,
			);
			fileSystemSynchronizedGroups = (
				507B28FE2E25561C005DAD5B /* ai translationUITests */,
			);
			name = "ai translationUITests";
			packageProductDependencies = (
			);
			productName = "ai translationUITests";
			productReference = 507B28FB2E25561C005DAD5B /* ai translationUITests.xctest */;
			productType = "com.apple.product-type.bundle.ui-testing";
		};
/* End PBXNativeTarget section */

/* Begin PBXProject section */
		507B28DC2E25561A005DAD5B /* Project object */ = {
			isa = PBXProject;
			attributes = {
				BuildIndependentTargetsInParallel = 1;
				LastSwiftUpdateCheck = 1640;
				LastUpgradeCheck = 1640;
				TargetAttributes = {
					507B28E32E25561A005DAD5B = {
						CreatedOnToolsVersion = 16.4;
					};
					507B28F02E25561C005DAD5B = {
						CreatedOnToolsVersion = 16.4;
						TestTargetID = 507B28E32E25561A005DAD5B;
					};
					507B28FA2E25561C005DAD5B = {
						CreatedOnToolsVersion = 16.4;
						TestTargetID = 507B28E32E25561A005DAD5B;
					};
				};
			};
			buildConfigurationList = 507B28DF2E25561A005DAD5B /* Build configuration list for PBXProject "ai translation" */;
			developmentRegion = en;
			hasScannedForEncodings = 0;
			knownRegions = (
				en,
				Base,
			);
			mainGroup = 507B28DB2E25561A005DAD5B;
			minimizedProjectReferenceProxies = 1;
			packageReferences = (
			);
			preferredProjectObjectVersion = 77;
			productRefGroup = 507B28E52E25561A005DAD5B /* Products */;
			projectDirPath = "";
			projectRoot = "";
			targets = (
				507B28E32E25561A005DAD5B /* ai translation */,
				507B28F02E25561C005DAD5B /* ai translationTests */,
				507B28FA2E25561C005DAD5B /* ai translationUITests */,
			);
		};
/* End PBXProject section */

/* Begin PBXResourcesBuildPhase section */
		507B28E22E25561A005DAD5B /* Resources */ = {
			isa = PBXResourcesBuildPhase;
			buildActionMask = 2147483647;
			files = (
				504A5DBD2E2A393D00BB9FAE /* SourceHanSerifTC-VF.otf in Resources */,
			);
			runOnlyForDeploymentPostprocessing = 0;
		};
		507B28EF2E25561C005DAD5B /* Resources */ = {
			isa = PBXResourcesBuildPhase;
			buildActionMask = 2147483647;
			files = (
			);
			runOnlyForDeploymentPostprocessing = 0;
		};
		507B28F92E25561C005DAD5B /* Resources */ = {
			isa = PBXResourcesBuildPhase;
			buildActionMask = 2147483647;
			files = (
			);
			runOnlyForDeploymentPostprocessing = 0;
		};
/* End PBXResourcesBuildPhase section */

/* Begin PBXSourcesBuildPhase section */
		507B28E02E25561A005DAD5B /* Sources */ = {
			isa = PBXSourcesBuildPhase;
			buildActionMask = 2147483647;
			files = (
			);
			runOnlyForDeploymentPostprocessing = 0;
		};
		507B28ED2E25561C005DAD5B /* Sources */ = {
			isa = PBXSourcesBuildPhase;
			buildActionMask = 2147483647;
			files = (
			);
			runOnlyForDeploymentPostprocessing = 0;
		};
		507B28F72E25561C005DAD5B /* Sources */ = {
			isa = PBXSourcesBuildPhase;
			buildActionMask = 2147483647;
			files = (
			);
			runOnlyForDeploymentPostprocessing = 0;
		};
/* End PBXSourcesBuildPhase section */

/* Begin PBXTargetDependency section */
		507B28F32E25561C005DAD5B /* PBXTargetDependency */ = {
			isa = PBXTargetDependency;
			target = 507B28E32E25561A005DAD5B /* ai translation */;
			targetProxy = 507B28F22E25561C005DAD5B /* PBXContainerItemProxy */;
		};
		507B28FD2E25561C005DAD5B /* PBXTargetDependency */ = {
			isa = PBXTargetDependency;
			target = 507B28E32E25561A005DAD5B /* ai translation */;
			targetProxy = 507B28FC2E25561C005DAD5B /* PBXContainerItemProxy */;
		};
/* End PBXTargetDependency section */

/* Begin XCBuildConfiguration section */
		507B29032E25561C005DAD5B /* Debug */ = {
			isa = XCBuildConfiguration;
			buildSettings = {
				ALWAYS_SEARCH_USER_PATHS = NO;
				ASSETCATALOG_COMPILER_GENERATE_SWIFT_ASSET_SYMBOL_EXTENSIONS = YES;
				CLANG_ANALYZER_NONNULL = YES;
				CLANG_ANALYZER_NUMBER_OBJECT_CONVERSION = YES_AGGRESSIVE;
				CLANG_CXX_LANGUAGE_STANDARD = "gnu++20";
				CLANG_ENABLE_MODULES = YES;
				CLANG_ENABLE_OBJC_ARC = YES;
				CLANG_ENABLE_OBJC_WEAK = YES;
				CLANG_WARN_BLOCK_CAPTURE_AUTORELEASING = YES;
				CLANG_WARN_BOOL_CONVERSION = YES;
				CLANG_WARN_COMMA = YES;
				CLANG_WARN_CONSTANT_CONVERSION = YES;
				CLANG_WARN_DEPRECATED_OBJC_IMPLEMENTATIONS = YES;
				CLANG_WARN_DIRECT_OBJC_ISA_USAGE = YES_ERROR;
				CLANG_WARN_DOCUMENTATION_COMMENTS = YES;
				CLANG_WARN_EMPTY_BODY = YES;
				CLANG_WARN_ENUM_CONVERSION = YES;
				CLANG_WARN_INFINITE_RECURSION = YES;
				CLANG_WARN_INT_CONVERSION = YES;
				CLANG_WARN_NON_LITERAL_NULL_CONVERSION = YES;
				CLANG_WARN_OBJC_IMPLICIT_RETAIN_SELF = YES;
				CLANG_WARN_OBJC_LITERAL_CONVERSION = YES;
				CLANG_WARN_OBJC_ROOT_CLASS = YES_ERROR;
				CLANG_WARN_QUOTED_INCLUDE_IN_FRAMEWORK_HEADER = YES;
				CLANG_WARN_RANGE_LOOP_ANALYSIS = YES;
				CLANG_WARN_STRICT_PROTOTYPES = YES;
				CLANG_WARN_SUSPICIOUS_MOVE = YES;
				CLANG_WARN_UNGUARDED_AVAILABILITY = YES_AGGRESSIVE;
				CLANG_WARN_UNREACHABLE_CODE = YES;
				CLANG_WARN__DUPLICATE_METHOD_MATCH = YES;
				COPY_PHASE_STRIP = NO;
				DEBUG_INFORMATION_FORMAT = dwarf;
				ENABLE_STRICT_OBJC_MSGSEND = YES;
				ENABLE_TESTABILITY = YES;
				ENABLE_USER_SCRIPT_SANDBOXING = YES;
				GCC_C_LANGUAGE_STANDARD = gnu17;
				GCC_DYNAMIC_NO_PIC = NO;
				GCC_NO_COMMON_BLOCKS = YES;
				GCC_OPTIMIZATION_LEVEL = 0;
				GCC_PREPROCESSOR_DEFINITIONS = (
					"DEBUG=1",
					"$(inherited)",
				);
				GCC_WARN_64_TO_32_BIT_CONVERSION = YES;
				GCC_WARN_ABOUT_RETURN_TYPE = YES_ERROR;
				GCC_WARN_UNDECLARED_SELECTOR = YES;
				GCC_WARN_UNINITIALIZED_AUTOS = YES_AGGRESSIVE;
				GCC_WARN_UNUSED_FUNCTION = YES;
				GCC_WARN_UNUSED_VARIABLE = YES;
				IPHONEOS_DEPLOYMENT_TARGET = 17.0;
				LOCALIZATION_PREFERS_STRING_CATALOGS = YES;
				MTL_ENABLE_DEBUG_INFO = INCLUDE_SOURCE;
				MTL_FAST_MATH = YES;
				ONLY_ACTIVE_ARCH = YES;
				SDKROOT = iphoneos;
				SWIFT_ACTIVE_COMPILATION_CONDITIONS = "DEBUG $(inherited)";
				SWIFT_OPTIMIZATION_LEVEL = "-Onone";
			};
			name = Debug;
		};
		507B29042E25561C005DAD5B /* Release */ = {
			isa = XCBuildConfiguration;
			buildSettings = {
				ALWAYS_SEARCH_USER_PATHS = NO;
				ASSETCATALOG_COMPILER_GENERATE_SWIFT_ASSET_SYMBOL_EXTENSIONS = YES;
				CLANG_ANALYZER_NONNULL = YES;
				CLANG_ANALYZER_NUMBER_OBJECT_CONVERSION = YES_AGGRESSIVE;
				CLANG_CXX_LANGUAGE_STANDARD = "gnu++20";
				CLANG_ENABLE_MODULES = YES;
				CLANG_ENABLE_OBJC_ARC = YES;
				CLANG_ENABLE_OBJC_WEAK = YES;
				CLANG_WARN_BLOCK_CAPTURE_AUTORELEASING = YES;
				CLANG_WARN_BOOL_CONVERSION = YES;
				CLANG_WARN_COMMA = YES;
				CLANG_WARN_CONSTANT_CONVERSION = YES;
				CLANG_WARN_DEPRECATED_OBJC_IMPLEMENTATIONS = YES;
				CLANG_WARN_DIRECT_OBJC_ISA_USAGE = YES_ERROR;
				CLANG_WARN_DOCUMENTATION_COMMENTS = YES;
				CLANG_WARN_EMPTY_BODY = YES;
				CLANG_WARN_ENUM_CONVERSION = YES;
				CLANG_WARN_INFINITE_RECURSION = YES;
				CLANG_WARN_INT_CONVERSION = YES;
				CLANG_WARN_NON_LITERAL_NULL_CONVERSION = YES;
				CLANG_WARN_OBJC_IMPLICIT_RETAIN_SELF = YES;
				CLANG_WARN_OBJC_LITERAL_CONVERSION = YES;
				CLANG_WARN_OBJC_ROOT_CLASS = YES_ERROR;
				CLANG_WARN_QUOTED_INCLUDE_IN_FRAMEWORK_HEADER = YES;
				CLANG_WARN_RANGE_LOOP_ANALYSIS = YES;
				CLANG_WARN_STRICT_PROTOTYPES = YES;
				CLANG_WARN_SUSPICIOUS_MOVE = YES;
				CLANG_WARN_UNGUARDED_AVAILABILITY = YES_AGGRESSIVE;
				CLANG_WARN_UNREACHABLE_CODE = YES;
				CLANG_WARN__DUPLICATE_METHOD_MATCH = YES;
				COPY_PHASE_STRIP = NO;
				DEBUG_INFORMATION_FORMAT = "dwarf-with-dsym";
				ENABLE_NS_ASSERTIONS = NO;
				ENABLE_STRICT_OBJC_MSGSEND = YES;
				ENABLE_USER_SCRIPT_SANDBOXING = YES;
				GCC_C_LANGUAGE_STANDARD = gnu17;
				GCC_NO_COMMON_BLOCKS = YES;
				GCC_WARN_64_TO_32_BIT_CONVERSION = YES;
				GCC_WARN_ABOUT_RETURN_TYPE = YES_ERROR;
				GCC_WARN_UNDECLARED_SELECTOR = YES;
				GCC_WARN_UNINITIALIZED_AUTOS = YES_AGGRESSIVE;
				GCC_WARN_UNUSED_FUNCTION = YES;
				GCC_WARN_UNUSED_VARIABLE = YES;
				IPHONEOS_DEPLOYMENT_TARGET = 17.0;
				LOCALIZATION_PREFERS_STRING_CATALOGS = YES;
				MTL_ENABLE_DEBUG_INFO = NO;
				MTL_FAST_MATH = YES;
				SDKROOT = iphoneos;
				SWIFT_COMPILATION_MODE = wholemodule;
				VALIDATE_PRODUCT = YES;
			};
			name = Release;
		};
		507B29062E25561C005DAD5B /* Debug */ = {
			isa = XCBuildConfiguration;
			buildSettings = {
				ASSETCATALOG_COMPILER_APPICON_NAME = AppIcon;
				ASSETCATALOG_COMPILER_GLOBAL_ACCENT_COLOR_NAME = AccentColor;
				CODE_SIGN_STYLE = Automatic;
				CURRENT_PROJECT_VERSION = 1;
				DEVELOPMENT_TEAM = XNSH5U9FNV;
				ENABLE_PREVIEWS = YES;
				GENERATE_INFOPLIST_FILE = YES;
				INFOPLIST_FILE = "ai-translation-Info.plist";
				INFOPLIST_KEY_CFBundleDisplayName = "";
				INFOPLIST_KEY_LSApplicationCategoryType = "";
				INFOPLIST_KEY_UIApplicationSceneManifest_Generation = YES;
				INFOPLIST_KEY_UIApplicationSupportsIndirectInputEvents = YES;
				INFOPLIST_KEY_UILaunchScreen_Generation = YES;
				INFOPLIST_KEY_UISupportedInterfaceOrientations_iPad = "UIInterfaceOrientationPortrait UIInterfaceOrientationPortraitUpsideDown UIInterfaceOrientationLandscapeLeft UIInterfaceOrientationLandscapeRight";
				INFOPLIST_KEY_UISupportedInterfaceOrientations_iPhone = "UIInterfaceOrientationPortrait UIInterfaceOrientationLandscapeLeft UIInterfaceOrientationLandscapeRight";
				LD_RUNPATH_SEARCH_PATHS = (
					"$(inherited)",
					"@executable_path/Frameworks",
				);
				MARKETING_VERSION = 1.0;
				PRODUCT_BUNDLE_IDENTIFIER = "Max0228.ai-translation";
				PRODUCT_NAME = "$(TARGET_NAME)";
				SWIFT_EMIT_LOC_STRINGS = YES;
				SWIFT_VERSION = 5.0;
				TARGETED_DEVICE_FAMILY = "1,2";
			};
			name = Debug;
		};
		507B29072E25561C005DAD5B /* Release */ = {
			isa = XCBuildConfiguration;
			buildSettings = {
				ASSETCATALOG_COMPILER_APPICON_NAME = AppIcon;
				ASSETCATALOG_COMPILER_GLOBAL_ACCENT_COLOR_NAME = AccentColor;
				CODE_SIGN_STYLE = Automatic;
				CURRENT_PROJECT_VERSION = 1;
				DEVELOPMENT_TEAM = XNSH5U9FNV;
				ENABLE_PREVIEWS = YES;
				GENERATE_INFOPLIST_FILE = YES;
				INFOPLIST_FILE = "ai-translation-Info.plist";
				INFOPLIST_KEY_CFBundleDisplayName = "";
				INFOPLIST_KEY_LSApplicationCategoryType = "";
				INFOPLIST_KEY_UIApplicationSceneManifest_Generation = YES;
				INFOPLIST_KEY_UIApplicationSupportsIndirectInputEvents = YES;
				INFOPLIST_KEY_UILaunchScreen_Generation = YES;
				INFOPLIST_KEY_UISupportedInterfaceOrientations_iPad = "UIInterfaceOrientationPortrait UIInterfaceOrientationPortraitUpsideDown UIInterfaceOrientationLandscapeLeft UIInterfaceOrientationLandscapeRight";
				INFOPLIST_KEY_UISupportedInterfaceOrientations_iPhone = "UIInterfaceOrientationPortrait UIInterfaceOrientationLandscapeLeft UIInterfaceOrientationLandscapeRight";
				LD_RUNPATH_SEARCH_PATHS = (
					"$(inherited)",
					"@executable_path/Frameworks",
				);
				MARKETING_VERSION = 1.0;
				PRODUCT_BUNDLE_IDENTIFIER = "Max0228.ai-translation";
				PRODUCT_NAME = "$(TARGET_NAME)";
				SWIFT_EMIT_LOC_STRINGS = YES;
				SWIFT_VERSION = 5.0;
				TARGETED_DEVICE_FAMILY = "1,2";
			};
			name = Release;
		};
		507B29092E25561C005DAD5B /* Debug */ = {
			isa = XCBuildConfiguration;
			buildSettings = {
				BUNDLE_LOADER = "$(TEST_HOST)";
				CODE_SIGN_STYLE = Automatic;
				CURRENT_PROJECT_VERSION = 1;
				GENERATE_INFOPLIST_FILE = YES;
				IPHONEOS_DEPLOYMENT_TARGET = 17.0;
				MARKETING_VERSION = 1.0;
				PRODUCT_BUNDLE_IDENTIFIER = "Max0228.ai-translationTests";
				PRODUCT_NAME = "$(TARGET_NAME)";
				SWIFT_EMIT_LOC_STRINGS = NO;
				SWIFT_VERSION = 5.0;
				TARGETED_DEVICE_FAMILY = "1,2";
				TEST_HOST = "$(BUILT_PRODUCTS_DIR)/ai translation.app/$(BUNDLE_EXECUTABLE_FOLDER_PATH)/ai translation";
			};
			name = Debug;
		};
		507B290A2E25561C005DAD5B /* Release */ = {
			isa = XCBuildConfiguration;
			buildSettings = {
				BUNDLE_LOADER = "$(TEST_HOST)";
				CODE_SIGN_STYLE = Automatic;
				CURRENT_PROJECT_VERSION = 1;
				GENERATE_INFOPLIST_FILE = YES;
				IPHONEOS_DEPLOYMENT_TARGET = 17.0;
				MARKETING_VERSION = 1.0;
				PRODUCT_BUNDLE_IDENTIFIER = "Max0228.ai-translationTests";
				PRODUCT_NAME = "$(TARGET_NAME)";
				SWIFT_EMIT_LOC_STRINGS = NO;
				SWIFT_VERSION = 5.0;
				TARGETED_DEVICE_FAMILY = "1,2";
				TEST_HOST = "$(BUILT_PRODUCTS_DIR)/ai translation.app/$(BUNDLE_EXECUTABLE_FOLDER_PATH)/ai translation";
			};
			name = Release;
		};
		507B290C2E25561C005DAD5B /* Debug */ = {
			isa = XCBuildConfiguration;
			buildSettings = {
				CODE_SIGN_STYLE = Automatic;
				CURRENT_PROJECT_VERSION = 1;
				GENERATE_INFOPLIST_FILE = YES;
				MARKETING_VERSION = 1.0;
				PRODUCT_BUNDLE_IDENTIFIER = "Max0228.ai-translationUITests";
				PRODUCT_NAME = "$(TARGET_NAME)";
				SWIFT_EMIT_LOC_STRINGS = NO;
				SWIFT_VERSION = 5.0;
				TARGETED_DEVICE_FAMILY = "1,2";
				TEST_TARGET_NAME = "ai translation";
			};
			name = Debug;
		};
		507B290D2E25561C005DAD5B /* Release */ = {
			isa = XCBuildConfiguration;
			buildSettings = {
				CODE_SIGN_STYLE = Automatic;
				CURRENT_PROJECT_VERSION = 1;
				GENERATE_INFOPLIST_FILE = YES;
				MARKETING_VERSION = 1.0;
				PRODUCT_BUNDLE_IDENTIFIER = "Max0228.ai-translationUITests";
				PRODUCT_NAME = "$(TARGET_NAME)";
				SWIFT_EMIT_LOC_STRINGS = NO;
				SWIFT_VERSION = 5.0;
				TARGETED_DEVICE_FAMILY = "1,2";
				TEST_TARGET_NAME = "ai translation";
			};
			name = Release;
		};
/* End XCBuildConfiguration section */

/* Begin XCConfigurationList section */
		507B28DF2E25561A005DAD5B /* Build configuration list for PBXProject "ai translation" */ = {
			isa = XCConfigurationList;
			buildConfigurations = (
				507B29032E25561C005DAD5B /* Debug */,
				507B29042E25561C005DAD5B /* Release */,
			);
			defaultConfigurationIsVisible = 0;
			defaultConfigurationName = Release;
		};
		507B29052E25561C005DAD5B /* Build configuration list for PBXNativeTarget "ai translation" */ = {
			isa = XCConfigurationList;
			buildConfigurations = (
				507B29062E25561C005DAD5B /* Debug */,
				507B29072E25561C005DAD5B /* Release */,
			);
			defaultConfigurationIsVisible = 0;
			defaultConfigurationName = Release;
		};
		507B29082E25561C005DAD5B /* Build configuration list for PBXNativeTarget "ai translationTests" */ = {
			isa = XCConfigurationList;
			buildConfigurations = (
				507B29092E25561C005DAD5B /* Debug */,
				507B290A2E25561C005DAD5B /* Release */,
			);
			defaultConfigurationIsVisible = 0;
			defaultConfigurationName = Release;
		};
		507B290B2E25561C005DAD5B /* Build configuration list for PBXNativeTarget "ai translationUITests" */ = {
			isa = XCConfigurationList;
			buildConfigurations = (
				507B290C2E25561C005DAD5B /* Debug */,
				507B290D2E25561C005DAD5B /* Release */,
			);
			defaultConfigurationIsVisible = 0;
			defaultConfigurationName = Release;
		};
/* End XCConfigurationList section */
	};
	rootObject = 507B28DC2E25561A005DAD5B /* Project object */;
}
